<Solution>
  <Project Path="WinCraft/WinCraft.csproj" Id="c69d3289-ac09-48ba-a4cb-761e3b6d9fec" />
  <Project Path="WinCraft.Core/WinCraft.Core.csproj" Id="d8bb4f32-f9cf-4c0c-89af-34cb1238238f" />
  <Project Path="WinCraft.Lzma/WinCraft.Lzma.csproj" Id="c4031f47-9c26-4646-8b04-a76db8a8bc02" />
  <Project Path="WinCraft.Tests/WinCraft.Tests.csproj" Id="a1b2c3d4-e5f6-7890-abcd-ef1234567890" />
</Solution>
